
Microsoft Visual Studio Solution File, Format Version 12.00
# Visual Studio Version 17
VisualStudioVersion = 17.9.34622.214
MinimumVisualStudioVersion = 10.0.40219.1
Project("{2150E333-8FDC-42A3-9474-1A3956D46DE8}") = "Services", "Services", "{765F5A87-937D-4480-B69A-8314E9938D89}"
EndProject
Project("{2150E333-8FDC-42A3-9474-1A3956D46DE8}") = "Catalog", "Catalog", "{C7F3AD02-11E8-4CB4-8321-2C951F8B240C}"
EndProject
Project("{FAE04EC0-301F-11D3-BF4B-00C04F79EFBC}") = "MultiShop.Catalog", "Services\Catalog\MultiShop.Catalog\MultiShop.Catalog.csproj", "{9F2F6EE4-79D7-4DA4-A52C-EB8143471A17}"
EndProject
Global
	GlobalSection(SolutionConfigurationPlatforms) = preSolution
		Debug|Any CPU = Debug|Any CPU
		Release|Any CPU = Release|Any CPU
	EndGlobalSection
	GlobalSection(ProjectConfigurationPlatforms) = postSolution
		{9F2F6EE4-79D7-4DA4-A52C-EB8143471A17}.Debug|Any CPU.ActiveCfg = Debug|Any CPU
		{9F2F6EE4-79D7-4DA4-A52C-EB8143471A17}.Debug|Any CPU.Build.0 = Debug|Any CPU
		{9F2F6EE4-79D7-4DA4-A52C-EB8143471A17}.Release|Any CPU.ActiveCfg = Release|Any CPU
		{9F2F6EE4-79D7-4DA4-A52C-EB8143471A17}.Release|Any CPU.Build.0 = Release|Any CPU
	EndGlobalSection
	GlobalSection(SolutionProperties) = preSolution
		HideSolutionNode = FALSE
	EndGlobalSection
	GlobalSection(NestedProjects) = preSolution
		{C7F3AD02-11E8-4CB4-8321-2C951F8B240C} = {765F5A87-937D-4480-B69A-8314E9938D89}
		{9F2F6EE4-79D7-4DA4-A52C-EB8143471A17} = {C7F3AD02-11E8-4CB4-8321-2C951F8B240C}
	EndGlobalSection
	GlobalSection(ExtensibilityGlobals) = postSolution
		SolutionGuid = {89EA0344-2262-4D0E-94C5-F03767472F9C}
	EndGlobalSection
EndGlobal
